
Microsoft Visual Studio Solution File, Format Version 12.00
# Visual Studio 14
VisualStudioVersion = 14.0.23107.0
MinimumVisualStudioVersion = 10.0.40219.1
Project("{FAE04EC0-301F-11D3-BF4B-00C04F79EFBC}") = "DontStartClassNamesWithMyAnalyzer", "DontStartClassNamesWithMyAnalyzer\DontStartClassNamesWithMyAnalyzer\DontStartClassNamesWithMyAnalyzer.csproj", "{5EE2EB8D-960A-4123-AE5A-AD53C3FEF94C}"
EndProject
Project("{FAE04EC0-301F-11D3-BF4B-00C04F79EFBC}") = "DontStartClassNamesWithMyAnalyzer.Test", "DontStartClassNamesWithMyAnalyzer\DontStartClassNamesWithMyAnalyzer.Test\DontStartClassNamesWithMyAnalyzer.Test.csproj", "{6AD33FA0-0DDE-42FD-9683-F0AB05E7F66B}"
EndProject
Project("{FAE04EC0-301F-11D3-BF4B-00C04F79EFBC}") = "DontStartClassNamesWithMyAnalyzer.Vsix", "DontStartClassNamesWithMyAnalyzer\DontStartClassNamesWithMyAnalyzer.Vsix\DontStartClassNamesWithMyAnalyzer.Vsix.csproj", "{D57C824F-44D3-47DB-A5FE-14443C4AB07C}"
EndProject
Global
	GlobalSection(SolutionConfigurationPlatforms) = preSolution
		Debug|Any CPU = Debug|Any CPU
		Release|Any CPU = Release|Any CPU
	EndGlobalSection
	GlobalSection(ProjectConfigurationPlatforms) = postSolution
		{5EE2EB8D-960A-4123-AE5A-AD53C3FEF94C}.Debug|Any CPU.ActiveCfg = Debug|Any CPU
		{5EE2EB8D-960A-4123-AE5A-AD53C3FEF94C}.Debug|Any CPU.Build.0 = Debug|Any CPU
		{5EE2EB8D-960A-4123-AE5A-AD53C3FEF94C}.Release|Any CPU.ActiveCfg = Release|Any CPU
		{5EE2EB8D-960A-4123-AE5A-AD53C3FEF94C}.Release|Any CPU.Build.0 = Release|Any CPU
		{6AD33FA0-0DDE-42FD-9683-F0AB05E7F66B}.Debug|Any CPU.ActiveCfg = Debug|Any CPU
		{6AD33FA0-0DDE-42FD-9683-F0AB05E7F66B}.Debug|Any CPU.Build.0 = Debug|Any CPU
		{6AD33FA0-0DDE-42FD-9683-F0AB05E7F66B}.Release|Any CPU.ActiveCfg = Release|Any CPU
		{6AD33FA0-0DDE-42FD-9683-F0AB05E7F66B}.Release|Any CPU.Build.0 = Release|Any CPU
		{D57C824F-44D3-47DB-A5FE-14443C4AB07C}.Debug|Any CPU.ActiveCfg = Debug|Any CPU
		{D57C824F-44D3-47DB-A5FE-14443C4AB07C}.Debug|Any CPU.Build.0 = Debug|Any CPU
		{D57C824F-44D3-47DB-A5FE-14443C4AB07C}.Release|Any CPU.ActiveCfg = Release|Any CPU
		{D57C824F-44D3-47DB-A5FE-14443C4AB07C}.Release|Any CPU.Build.0 = Release|Any CPU
	EndGlobalSection
	GlobalSection(SolutionProperties) = preSolution
		HideSolutionNode = FALSE
	EndGlobalSection
EndGlobal
